
Microsoft Visual Studio Solution File, Format Version 12.00
# Visual Studio Version 17
VisualStudioVersion = 17.0.31903.59
MinimumVisualStudioVersion = 10.0.40219.1
Project("{FAE04EC0-301F-11D3-BF4B-00C04F79EFBC}") = "LMS.Models", "LMS.Models\LMS.Models.csproj", "{92D425C8-4DDE-4800-8359-905810DD6EAF}"
EndProject
Project("{FAE04EC0-301F-11D3-BF4B-00C04F79EFBC}") = "LMS.WebAPI", "LMS.WebAPI\LMS.WebAPI.csproj", "{5DD9365B-791D-4E19-9D3D-62E365A30879}"
EndProject
Global
	GlobalSection(SolutionConfigurationPlatforms) = preSolution
		Debug|Any CPU = Debug|Any CPU
		Debug|x64 = Debug|x64
		Debug|x86 = Debug|x86
		Release|Any CPU = Release|Any CPU
		Release|x64 = Release|x64
		Release|x86 = Release|x86
	EndGlobalSection
	GlobalSection(ProjectConfigurationPlatforms) = postSolution
		{92D425C8-4DDE-4800-8359-905810DD6EAF}.Debug|Any CPU.ActiveCfg = Debug|Any CPU
		{92D425C8-4DDE-4800-8359-905810DD6EAF}.Debug|Any CPU.Build.0 = Debug|Any CPU
		{92D425C8-4DDE-4800-8359-905810DD6EAF}.Debug|x64.ActiveCfg = Debug|Any CPU
		{92D425C8-4DDE-4800-8359-905810DD6EAF}.Debug|x64.Build.0 = Debug|Any CPU
		{92D425C8-4DDE-4800-8359-905810DD6EAF}.Debug|x86.ActiveCfg = Debug|Any CPU
		{92D425C8-4DDE-4800-8359-905810DD6EAF}.Debug|x86.Build.0 = Debug|Any CPU
		{92D425C8-4DDE-4800-8359-905810DD6EAF}.Release|Any CPU.ActiveCfg = Release|Any CPU
		{92D425C8-4DDE-4800-8359-905810DD6EAF}.Release|Any CPU.Build.0 = Release|Any CPU
		{92D425C8-4DDE-4800-8359-905810DD6EAF}.Release|x64.ActiveCfg = Release|Any CPU
		{92D425C8-4DDE-4800-8359-905810DD6EAF}.Release|x64.Build.0 = Release|Any CPU
		{92D425C8-4DDE-4800-8359-905810DD6EAF}.Release|x86.ActiveCfg = Release|Any CPU
		{92D425C8-4DDE-4800-8359-905810DD6EAF}.Release|x86.Build.0 = Release|Any CPU
		{5DD9365B-791D-4E19-9D3D-62E365A30879}.Debug|Any CPU.ActiveCfg = Debug|Any CPU
		{5DD9365B-791D-4E19-9D3D-62E365A30879}.Debug|Any CPU.Build.0 = Debug|Any CPU
		{5DD9365B-791D-4E19-9D3D-62E365A30879}.Debug|x64.ActiveCfg = Debug|Any CPU
		{5DD9365B-791D-4E19-9D3D-62E365A30879}.Debug|x64.Build.0 = Debug|Any CPU
		{5DD9365B-791D-4E19-9D3D-62E365A30879}.Debug|x86.ActiveCfg = Debug|Any CPU
		{5DD9365B-791D-4E19-9D3D-62E365A30879}.Debug|x86.Build.0 = Debug|Any CPU
		{5DD9365B-791D-4E19-9D3D-62E365A30879}.Release|Any CPU.ActiveCfg = Release|Any CPU
		{5DD9365B-791D-4E19-9D3D-62E365A30879}.Release|Any CPU.Build.0 = Release|Any CPU
		{5DD9365B-791D-4E19-9D3D-62E365A30879}.Release|x64.ActiveCfg = Release|Any CPU
		{5DD9365B-791D-4E19-9D3D-62E365A30879}.Release|x64.Build.0 = Release|Any CPU
		{5DD9365B-791D-4E19-9D3D-62E365A30879}.Release|x86.ActiveCfg = Release|Any CPU
		{5DD9365B-791D-4E19-9D3D-62E365A30879}.Release|x86.Build.0 = Release|Any CPU
	EndGlobalSection
	GlobalSection(SolutionProperties) = preSolution
		HideSolutionNode = FALSE
	EndGlobalSection
EndGlobal
